
Microsoft Visual Studio Solution File, Format Version 12.00
# Visual Studio Version 17
VisualStudioVersion = 17.6.33829.357
MinimumVisualStudioVersion = 10.0.40219.1
Project("{9A19103F-16F7-4668-BE54-9A1E7A4F7556}") = "AutomobileLibrary", "AutomobileLibrary\AutomobileLibrary.csproj", "{61035312-A390-4895-8C98-1F740AB9CDAC}"
EndProject
Project("{FAE04EC0-301F-11D3-BF4B-00C04F79EFBC}") = "AutomobileWinApp", "AutomobileWinApp\AutomobileWinApp.csproj", "{349FBB10-593E-4788-BB28-F0C0C32134BF}"
EndProject
Global
	GlobalSection(SolutionConfigurationPlatforms) = preSolution
		Debug|Any CPU = Debug|Any CPU
		Release|Any CPU = Release|Any CPU
	EndGlobalSection
	GlobalSection(ProjectConfigurationPlatforms) = postSolution
		{61035312-A390-4895-8C98-1F740AB9CDAC}.Debug|Any CPU.ActiveCfg = Debug|Any CPU
		{61035312-A390-4895-8C98-1F740AB9CDAC}.Debug|Any CPU.Build.0 = Debug|Any CPU
		{61035312-A390-4895-8C98-1F740AB9CDAC}.Release|Any CPU.ActiveCfg = Release|Any CPU
		{61035312-A390-4895-8C98-1F740AB9CDAC}.Release|Any CPU.Build.0 = Release|Any CPU
		{349FBB10-593E-4788-BB28-F0C0C32134BF}.Debug|Any CPU.ActiveCfg = Debug|Any CPU
		{349FBB10-593E-4788-BB28-F0C0C32134BF}.Debug|Any CPU.Build.0 = Debug|Any CPU
		{349FBB10-593E-4788-BB28-F0C0C32134BF}.Release|Any CPU.ActiveCfg = Release|Any CPU
		{349FBB10-593E-4788-BB28-F0C0C32134BF}.Release|Any CPU.Build.0 = Release|Any CPU
	EndGlobalSection
	GlobalSection(SolutionProperties) = preSolution
		HideSolutionNode = FALSE
	EndGlobalSection
	GlobalSection(ExtensibilityGlobals) = postSolution
		SolutionGuid = {7C1BE552-1435-4F8E-961E-E2017FEE4B54}
	EndGlobalSection
EndGlobal
